
Microsoft Visual Studio Solution File, Format Version 12.00
# Visual Studio Version 17
VisualStudioVersion = 17.9.34902.65
MinimumVisualStudioVersion = 10.0.40219.1
Project("{FAE04EC0-301F-11D3-BF4B-00C04F79EFBC}") = "PracticaWeb_GAAJ", "PracticaWeb_GAAJ\PracticaWeb_GAAJ.csproj", "{47570B69-1128-49AF-852E-7A1B33A3CA11}"
EndProject
Global
	GlobalSection(SolutionConfigurationPlatforms) = preSolution
		Debug|Any CPU = Debug|Any CPU
		Release|Any CPU = Release|Any CPU
	EndGlobalSection
	GlobalSection(ProjectConfigurationPlatforms) = postSolution
		{47570B69-1128-49AF-852E-7A1B33A3CA11}.Debug|Any CPU.ActiveCfg = Debug|Any CPU
		{47570B69-1128-49AF-852E-7A1B33A3CA11}.Debug|Any CPU.Build.0 = Debug|Any CPU
		{47570B69-1128-49AF-852E-7A1B33A3CA11}.Release|Any CPU.ActiveCfg = Release|Any CPU
		{47570B69-1128-49AF-852E-7A1B33A3CA11}.Release|Any CPU.Build.0 = Release|Any CPU
	EndGlobalSection
	GlobalSection(SolutionProperties) = preSolution
		HideSolutionNode = FALSE
	EndGlobalSection
	GlobalSection(ExtensibilityGlobals) = postSolution
		SolutionGuid = {988B27E5-6A44-4CFD-A333-10A228F9CB85}
	EndGlobalSection
EndGlobal
